GEM
  remote: https://rubygems.org/
  specs:
    ansi (1.6.0)
    ast (2.4.3)
    benchmark (0.5.0)
    benchmark-ips (2.15.1)
    bigdecimal (4.1.2)
    builder (3.3.0)
    erubi (1.13.1)
    ffi (1.17.4-aarch64-linux-gnu)
    ffi (1.17.4-aarch64-linux-musl)
    ffi (1.17.4-arm64-darwin)
    ffi (1.17.4-x86_64-darwin)
    ffi (1.17.4-x86_64-linux-gnu)
    ffi (1.17.4-x86_64-linux-musl)
    get_process_mem (1.0.0)
      bigdecimal (>= 2.0)
      ffi (~> 1.0)
    json (2.19.5)
    language_server-protocol (3.17.0.5)
    lint_roller (1.1.0)
    logger (1.7.0)
    memory_profiler (1.1.0)
    minitest (5.27.0)
    minitest-reporters (1.8.0)
      ansi
      builder
      minitest (>= 5.0, < 7)
      ruby-progressbar
    netrc (0.11.0)
    parallel (2.1.0)
    parser (3.3.11.1)
      ast (~> 2.4.1)
      racc
    prettier_print (1.2.1)
    prism (1.9.0)
    racc (1.8.1)
    rainbow (3.1.1)
    rake (13.4.2)
    rbi (0.3.12)
      prism (~> 1.0)
      rbs (>= 4.0.1)
    rbs (4.0.2)
      logger
      prism (>= 1.6.0)
      tsort
    regexp_parser (2.12.0)
    require-hooks (0.4.0)
    rexml (3.4.4)
    rubocop (1.86.2)
      json (~> 2.3)
      language_server-protocol (~> 3.17.0.2)
      lint_roller (~> 1.1.0)
      parallel (>= 1.10)
      parser (>= 3.3.0.2)
      rainbow (>= 2.2.2, < 4.0)
      regexp_parser (>= 2.9.3, < 3.0)
      rubocop-ast (>= 1.49.0, < 2.0)
      ruby-progressbar (~> 1.7)
      unicode-display_width (>= 2.4.0, < 4.0)
    rubocop-ast (1.49.1)
      parser (>= 3.3.7.2)
      prism (~> 1.7)
    rubocop-minitest (0.39.1)
      lint_roller (~> 1.1)
      rubocop (>= 1.75.0, < 2.0)
      rubocop-ast (>= 1.38.0, < 2.0)
    rubocop-performance (1.26.1)
      lint_roller (~> 1.1)
      rubocop (>= 1.75.0, < 2.0)
      rubocop-ast (>= 1.47.1, < 2.0)
    ruby-progressbar (1.13.0)
    rubydex (0.2.3-aarch64-linux)
    rubydex (0.2.3-arm64-darwin)
    rubydex (0.2.3-x86_64-darwin)
    rubydex (0.2.3-x86_64-linux)
    sorbet (0.6.13248)
      sorbet-static (= 0.6.13248)
    sorbet-runtime (0.6.13248)
    sorbet-static (0.6.13248-aarch64-linux)
    sorbet-static (0.6.13248-universal-darwin)
    sorbet-static (0.6.13248-x86_64-linux)
    sorbet-static-and-runtime (0.6.13248)
      sorbet (= 0.6.13248)
      sorbet-runtime (= 0.6.13248)
    spoom (1.7.15)
      erubi (>= 1.10.0)
      prism (>= 0.28.0)
      rbi (>= 0.3.3)
      rbs (>= 4.0.0.dev.5)
      rexml (>= 3.2.6)
      sorbet-static-and-runtime (>= 0.5.10187)
      thor (>= 0.19.2)
    syntax_tree (6.3.0)
      prettier_print (>= 1.2.0)
    tapioca (0.19.1)
      benchmark
      bundler (>= 2.2.25)
      netrc (>= 0.11.0)
      parallel (>= 1.21.0)
      rbi (>= 0.3.7)
      require-hooks (>= 0.2.2)
      rubydex (>= 0.1.0.beta10)
      sorbet-static-and-runtime (>= 0.6.12698)
      spoom (>= 1.7.9)
      thor (>= 1.2.0)
      tsort
    thor (1.5.0)
    tsort (0.2.0)
    unicode-display_width (3.2.0)
      unicode-emoji (~> 4.1)
    unicode-emoji (4.2.0)

PLATFORMS
  aarch64-linux
  aarch64-linux-gnu
  aarch64-linux-musl
  arm64-darwin
  universal-darwin
  x86_64-darwin
  x86_64-linux
  x86_64-linux-gnu
  x86_64-linux-musl

DEPENDENCIES
  benchmark-ips (~> 2.14)
  get_process_mem (~> 1.0)
  memory_profiler (~> 1.1)
  minitest (~> 5.25)
  minitest-reporters (~> 1.7)
  rake (~> 13.2)
  rubocop (~> 1.68)
  rubocop-minitest (~> 0.36)
  rubocop-performance (~> 1.22)
  sorbet (~> 0.5)
  sorbet-runtime (~> 0.5)
  syntax_tree (~> 6.2)
  tapioca (~> 0.16)

CHECKSUMS
  ansi (1.6.0) sha256=ac9ea0c0ea8d32fb4e271348e609963ac78882f34b73836c2a02b3622e666658
  ast (2.4.3) sha256=954615157c1d6a382bc27d690d973195e79db7f55e9765ac7c481c60bdb4d383
  benchmark (0.5.0) sha256=465df122341aedcb81a2a24b4d3bd19b6c67c1530713fd533f3ff034e419236c
  benchmark-ips (2.15.1) sha256=07a1a9f3c6105ecaf68c174fc3fbcddd71a0e9ada6236ae03093a0dcfd812d59
  bigdecimal (4.1.2) sha256=53d217666027eab4280346fba98e7d5b66baaae1b9c3c1c0ffe89d48188a3fbd
  builder (3.3.0) sha256=497918d2f9dca528fdca4b88d84e4ef4387256d984b8154e9d5d3fe5a9c8835f
  bundler (4.0.12) sha256=7f8b757d28dfb636e7b24fba2344ac6dd13b5b24f4b46d62573d483f211825ac
  erubi (1.13.1) sha256=a082103b0885dbc5ecf1172fede897f9ebdb745a4b97a5e8dc63953db1ee4ad9
  ffi (1.17.4-aarch64-linux-gnu) sha256=b208f06f91ffd8f5e1193da3cae3d2ccfc27fc36fba577baf698d26d91c080df
  ffi (1.17.4-aarch64-linux-musl) sha256=9286b7a615f2676245283aef0a0a3b475ae3aae2bb5448baace630bb77b91f39
  ffi (1.17.4-arm64-darwin) sha256=19071aaf1419251b0a46852abf960e77330a3b334d13a4ab51d58b31a937001b
  ffi (1.17.4-x86_64-darwin) sha256=aa70390523cf3235096cf64962b709b4cfbd5c082a2cb2ae714eb0fe2ccda496
  ffi (1.17.4-x86_64-linux-gnu) sha256=9d3db14c2eae074b382fa9c083fe95aec6e0a1451da249eab096c34002bc752d
  ffi (1.17.4-x86_64-linux-musl) sha256=3fdf9888483de005f8ef8d1cf2d3b20d86626af206cbf780f6a6a12439a9c49e
  get_process_mem (1.0.0) sha256=d54024f3bcbf776a4d6e0155ec2b21bc3ba44e2fd158c4c00c80aa8a36e0b4aa
  json (2.19.5) sha256=218a18553e4801d579ca7e0f5bc72bafd776d7397238a1fb4e74db5b0a812c59
  language_server-protocol (3.17.0.5) sha256=fd1e39a51a28bf3eec959379985a72e296e9f9acfce46f6a79d31ca8760803cc
  lint_roller (1.1.0) sha256=2c0c845b632a7d172cb849cc90c1bce937a28c5c8ccccb50dfd46a485003cc87
  logger (1.7.0) sha256=196edec7cc44b66cfb40f9755ce11b392f21f7967696af15d274dde7edff0203
  memory_profiler (1.1.0) sha256=79a17df7980a140c83c469785905409d3027ca614c42c086089d128b805aa8f8
  minitest (5.27.0) sha256=2d3b17f8a36fe7801c1adcffdbc38233b938eb0b4966e97a6739055a45fa77d5
  minitest-reporters (1.8.0) sha256=8ce5280fb73ad3178ae525454df169b6f28c1b38b1d088ea91815d3a370ba384
  netrc (0.11.0) sha256=de1ce33da8c99ab1d97871726cba75151113f117146becbe45aa85cb3dabee3f
  parallel (2.1.0) sha256=b35258865c2e31134c5ecb708beaaf6772adf9d5efae28e93e99260877b09356
  parser (3.3.11.1) sha256=d17ace7aabe3e72c3cc94043714be27cc6f852f104d81aa284c2281aecc65d54
  prettier_print (1.2.1) sha256=a72838b5f23facff21f90a5423cdcdda19e4271092b41f4ea7f50b83929e6ff9
  prism (1.9.0) sha256=7b530c6a9f92c24300014919c9dcbc055bf4cdf51ec30aed099b06cd6674ef85
  racc (1.8.1) sha256=4a7f6929691dbec8b5209a0b373bc2614882b55fc5d2e447a21aaa691303d62f
  rainbow (3.1.1) sha256=039491aa3a89f42efa1d6dec2fc4e62ede96eb6acd95e52f1ad581182b79bc6a
  rake (13.4.2) sha256=cb825b2bd5f1f8e91ca37bddb4b9aaf345551b4731da62949be002fa89283701
  rbi (0.3.12) sha256=406ea58265942e7f2316744a11de742fdef8b2325bb6066c71c9765f53298eb2
  rbs (4.0.2) sha256=af75671e66cd03434cc546622741ebf83f6197ec4328375805306330bf78ef25
  regexp_parser (2.12.0) sha256=35a916a1d63190ab5c9009457136ae5f3c0c7512d60291d0d1378ba18ce08ebb
  require-hooks (0.4.0) sha256=005f4c6435b4edae73e358cdbaba48370a4121f9ce893d5d2a3c66fce855677d
  rexml (3.4.4) sha256=19e0a2c3425dfbf2d4fc1189747bdb2f849b6c5e74180401b15734bc97b5d142
  rubocop (1.86.2) sha256=bb2e97f635eda42c448f2588f4a6ff78f221b8bdfdf65b1e9b07fbd57521b45d
  rubocop-ast (1.49.1) sha256=4412f3ee70f6fe4546cc489548e0f6fcf76cafcfa80fa03af67098ffed755035
  rubocop-minitest (0.39.1) sha256=998398d6da4026d297f0f9bf709a1eac5f2b6947c24431f94af08138510cf7ed
  rubocop-performance (1.26.1) sha256=cd19b936ff196df85829d264b522fd4f98b6c89ad271fa52744a8c11b8f71834
  ruby-progressbar (1.13.0) sha256=80fc9c47a9b640d6834e0dc7b3c94c9df37f08cb072b7761e4a71e22cff29b33
  rubydex (0.2.3-aarch64-linux) sha256=f666ff383430cc800cb0889d52c77da7457e99165b5eef7c0d45491a5fafea87
  rubydex (0.2.3-arm64-darwin) sha256=997d7895a0208ec3d7ef922c9d29243b62e10c67bc3c2396a9f978d7df117390
  rubydex (0.2.3-x86_64-darwin) sha256=de4890f91bedb59bfefb90c528939e52475da3afa105feaf855594ad527b0fb9
  rubydex (0.2.3-x86_64-linux) sha256=796a54c1af9f8868c87bf92fee5f9ccc39ffd40eb8386e0875058a18beb76b09
  sorbet (0.6.13248) sha256=8a079965070e6917b886fefe9e79e6067057a60cd8c11a66c2a7464b29d48da2
  sorbet-runtime (0.6.13248) sha256=78688c6aef9dfb2f181633e70162165fa5ad66467acd63867cf4b5465fee95ce
  sorbet-static (0.6.13248-aarch64-linux) sha256=62866526cee30f1f0acf8a17d8f0c0600711e9bfde9133874a5cf9ae418c8ab3
  sorbet-static (0.6.13248-universal-darwin) sha256=2ded2c9270e7c313ba595098c4d00f02c3b153bd2e40bf61f11ff320e2e1510d
  sorbet-static (0.6.13248-x86_64-linux) sha256=87f623045c09484c1a42e184e89e182d6995a9bc94c7914d0414cddc62a4376f
  sorbet-static-and-runtime (0.6.13248) sha256=949da9ecac11ff5b50a0d39578579b83fddc22118e54814f62382c4fd9ac3673
  spoom (1.7.15) sha256=39698a3bf7841841ae83c6145d5e008290ddb9433e84d9025e017b915bd36a83
  syntax_tree (6.3.0) sha256=56e25a9692c798ec94c5442fe94c5e94af76bef91edc8bb02052cbdecf35f13d
  tapioca (0.19.1) sha256=5de94d458950897ffe3d4e86a21eec48bb6a8775af85f80b1486b7ae7ba51823
  thor (1.5.0) sha256=e3a9e55fe857e44859ce104a84675ab6e8cd59c650a49106a05f55f136425e73
  tsort (0.2.0) sha256=9650a793f6859a43b6641671278f79cfead60ac714148aabe4e3f0060480089f
  unicode-display_width (3.2.0) sha256=0cdd96b5681a5949cdbc2c55e7b420facae74c4aaf9a9815eee1087cb1853c42
  unicode-emoji (4.2.0) sha256=519e69150f75652e40bf736106cfbc8f0f73aa3fb6a65afe62fefa7f80b0f80f

RUBY VERSION
  ruby 3.4.8

BUNDLED WITH
  4.0.12
